{
  "name": "nodeExercise",
  "version": "1.0.0",
  "lockfileVersion": 2,
  "requires": true,
  "packages": {
    "": {
      "version": "1.0.0",
      "license": "ISC",
      "dependencies": {
        "node-fetch": "^2.6.1",
        "promise-prompt": "^1.1.1"
      }
    },
    "node_modules/node-fetch": {
      "version": "2.6.1",
      "resolved": "https://registry.npmjs.org/node-fetch/-/node-fetch-2.6.1.tgz",
      "integrity": "sha512-V4aYg89jEoVRxRb2fJdAg8FHvI7cEyYdVAh94HH0UIK8oJxUfkjlDQN9RbMx+bEjP7+ggMiFRprSti032Oipxw==",
      "engines": {
        "node": "4.x || >=6.0.0"
      }
    },
    "node_modules/promise-prompt": {
      "version": "1.1.1",
      "resolved": "https://registry.npmjs.org/promise-prompt/-/promise-prompt-1.1.1.tgz",
      "integrity": "sha512-upcl3rGf7EMqn/dtWW0VasJp1O1oZr7WeZhdd7TwjsD4ssnVwZXVNv/VP5Urcy93k1DIaewcJSTGPV84uKcJyg=="
    }
  },
  "dependencies": {
    "node-fetch": {
      "version": "2.6.1",
      "resolved": "https://registry.npmjs.org/node-fetch/-/node-fetch-2.6.1.tgz",
      "integrity": "sha512-V4aYg89jEoVRxRb2fJdAg8FHvI7cEyYdVAh94HH0UIK8oJxUfkjlDQN9RbMx+bEjP7+ggMiFRprSti032Oipxw=="
    },
    "promise-prompt": {
      "version": "1.1.1",
      "resolved": "https://registry.npmjs.org/promise-prompt/-/promise-prompt-1.1.1.tgz",
      "integrity": "sha512-upcl3rGf7EMqn/dtWW0VasJp1O1oZr7WeZhdd7TwjsD4ssnVwZXVNv/VP5Urcy93k1DIaewcJSTGPV84uKcJyg=="
    }
  }
}
